// !$*UTF8*$!
{
	archiveVersion = 1;
	classes = {
	};
	objectVersion = 46;
	objects = {

/* Begin PBXBuildFile section */
		2FE4BA4A17C5FFF700685ADB /* NSUserDefaults+Condition.m in Sources */ = {isa = PBXBuildFile; fileRef = 2FE4BA4917C5FFF700685ADB /* NSUserDefaults+Condition.m */; };
		2FE72E69176329DA00994A18 /* UIKit.framework in Frameworks */ = {isa = PBXBuildFile; fileRef = 2FE72E68176329DA00994A18 /* UIKit.framework */; };
		2FE72E6B176329DA00994A18 /* Foundation.framework in Frameworks */ = {isa = PBXBuildFile; fileRef = 2FE72E6A176329DA00994A18 /* Foundation.framework */; };
		2FE72E6D176329DA00994A18 /* CoreGraphics.framework in Frameworks */ = {isa = PBXBuildFile; fileRef = 2FE72E6C176329DA00994A18 /* CoreGraphics.framework */; };
		2FE72E73176329DA00994A18 /* InfoPlist.strings in Resources */ = {isa = PBXBuildFile; fileRef = 2FE72E71176329DA00994A18 /* InfoPlist.strings */; };
		2FE72E75176329DA00994A18 /* main.m in Sources */ = {isa = PBXBuildFile; fileRef = 2FE72E74176329DA00994A18 /* main.m */; };
		2FE72E79176329DA00994A18 /* EMAppDelegate.m in Sources */ = {isa = PBXBuildFile; fileRef = 2FE72E78176329DA00994A18 /* EMAppDelegate.m */; };
		2FE72E7B176329DB00994A18 /* Default.png in Resources */ = {isa = PBXBuildFile; fileRef = 2FE72E7A176329DA00994A18 /* Default.png */; };
		2FE72E7D176329DB00994A18 /* Default@2x.png in Resources */ = {isa = PBXBuildFile; fileRef = 2FE72E7C176329DB00994A18 /* Default@2x.png */; };
		2FE72E7F176329DB00994A18 /* Default-568h@2x.png in Resources */ = {isa = PBXBuildFile; fileRef = 2FE72E7E176329DB00994A18 /* Default-568h@2x.png */; };
		2FE72E87176329DB00994A18 /* SenTestingKit.framework in Frameworks */ = {isa = PBXBuildFile; fileRef = 2FE72E86176329DB00994A18 /* SenTestingKit.framework */; };
		2FE72E88176329DB00994A18 /* UIKit.framework in Frameworks */ = {isa = PBXBuildFile; fileRef = 2FE72E68176329DA00994A18 /* UIKit.framework */; };
		2FE72E89176329DB00994A18 /* Foundation.framework in Frameworks */ = {isa = PBXBuildFile; fileRef = 2FE72E6A176329DA00994A18 /* Foundation.framework */; };
		2FE72E91176329DB00994A18 /* InfoPlist.strings in Resources */ = {isa = PBXBuildFile; fileRef = 2FE72E8F176329DB00994A18 /* InfoPlist.strings */; };
		2FE72E94176329DB00994A18 /* EMCocoaToolbox_DemoTests.m in Sources */ = {isa = PBXBuildFile; fileRef = 2FE72E93176329DB00994A18 /* EMCocoaToolbox_DemoTests.m */; };
		9854F9EA17675B0D006FC3C4 /* EMAppEnvironment.m in Sources */ = {isa = PBXBuildFile; fileRef = 9854F9C417675B0D006FC3C4 /* EMAppEnvironment.m */; };
		9854F9EB17675B0D006FC3C4 /* EMAppEnvironment.m in Sources */ = {isa = PBXBuildFile; fileRef = 9854F9C417675B0D006FC3C4 /* EMAppEnvironment.m */; };
		9854F9EC17675B0D006FC3C4 /* NSData+MD5.m in Sources */ = {isa = PBXBuildFile; fileRef = 9854F9C817675B0D006FC3C4 /* NSData+MD5.m */; };
		9854F9ED17675B0D006FC3C4 /* NSData+MD5.m in Sources */ = {isa = PBXBuildFile; fileRef = 9854F9C817675B0D006FC3C4 /* NSData+MD5.m */; };
		9854F9EE17675B0D006FC3C4 /* NSDictionary+Store.m in Sources */ = {isa = PBXBuildFile; fileRef = 9854F9CC17675B0D006FC3C4 /* NSDictionary+Store.m */; };
		9854F9EF17675B0D006FC3C4 /* NSDictionary+Store.m in Sources */ = {isa = PBXBuildFile; fileRef = 9854F9CC17675B0D006FC3C4 /* NSDictionary+Store.m */; };
		9854F9F017675B0D006FC3C4 /* NSFileManager+Extensions.m in Sources */ = {isa = PBXBuildFile; fileRef = 9854F9D017675B0D006FC3C4 /* NSFileManager+Extensions.m */; };
		9854F9F117675B0D006FC3C4 /* NSFileManager+Extensions.m in Sources */ = {isa = PBXBuildFile; fileRef = 9854F9D017675B0D006FC3C4 /* NSFileManager+Extensions.m */; };
		9854F9F217675B0D006FC3C4 /* NSNumber+RandomNumber.m in Sources */ = {isa = PBXBuildFile; fileRef = 9854F9D417675B0D006FC3C4 /* NSNumber+RandomNumber.m */; };
		9854F9F317675B0D006FC3C4 /* NSNumber+RandomNumber.m in Sources */ = {isa = PBXBuildFile; fileRef = 9854F9D417675B0D006FC3C4 /* NSNumber+RandomNumber.m */; };
		9854F9F417675B0D006FC3C4 /* NSObject+Valid.m in Sources */ = {isa = PBXBuildFile; fileRef = 9854F9D817675B0D006FC3C4 /* NSObject+Valid.m */; };
		9854F9F517675B0D006FC3C4 /* NSObject+Valid.m in Sources */ = {isa = PBXBuildFile; fileRef = 9854F9D817675B0D006FC3C4 /* NSObject+Valid.m */; };
		9854F9F617675B0D006FC3C4 /* NSString+Empty.m in Sources */ = {isa = PBXBuildFile; fileRef = 9854F9DC17675B0D006FC3C4 /* NSString+Empty.m */; };
		9854F9F717675B0D006FC3C4 /* NSString+Empty.m in Sources */ = {isa = PBXBuildFile; fileRef = 9854F9DC17675B0D006FC3C4 /* NSString+Empty.m */; };
		9854F9F817675B0D006FC3C4 /* NSString+Equal.m in Sources */ = {isa = PBXBuildFile; fileRef = 9854F9DE17675B0D006FC3C4 /* NSString+Equal.m */; };
		9854F9F917675B0D006FC3C4 /* NSString+Equal.m in Sources */ = {isa = PBXBuildFile; fileRef = 9854F9DE17675B0D006FC3C4 /* NSString+Equal.m */; };
		9854F9FA17675B0D006FC3C4 /* NSString+FileName.m in Sources */ = {isa = PBXBuildFile; fileRef = 9854F9E017675B0D006FC3C4 /* NSString+FileName.m */; };
		9854F9FB17675B0D006FC3C4 /* NSString+FileName.m in Sources */ = {isa = PBXBuildFile; fileRef = 9854F9E017675B0D006FC3C4 /* NSString+FileName.m */; };
		9854F9FC17675B0D006FC3C4 /* NSString+MD5.m in Sources */ = {isa = PBXBuildFile; fileRef = 9854F9E217675B0D006FC3C4 /* NSString+MD5.m */; };
		9854F9FD17675B0D006FC3C4 /* NSString+MD5.m in Sources */ = {isa = PBXBuildFile; fileRef = 9854F9E217675B0D006FC3C4 /* NSString+MD5.m */; };
		9854F9FE17675B0D006FC3C4 /* NSString+UTF8.m in Sources */ = {isa = PBXBuildFile; fileRef = 9854F9E417675B0D006FC3C4 /* NSString+UTF8.m */; };
		9854F9FF17675B0D006FC3C4 /* NSString+UTF8.m in Sources */ = {isa = PBXBuildFile; fileRef = 9854F9E417675B0D006FC3C4 /* NSString+UTF8.m */; };
		9854FA0017675B0D006FC3C4 /* NSTimer+Block.m in Sources */ = {isa = PBXBuildFile; fileRef = 9854F9E817675B0D006FC3C4 /* NSTimer+Block.m */; };
		9854FA0117675B0D006FC3C4 /* NSTimer+Block.m in Sources */ = {isa = PBXBuildFile; fileRef = 9854F9E817675B0D006FC3C4 /* NSTimer+Block.m */; };
/* End PBXBuildFile section */

/* Begin PBXContainerItemProxy section */
		2FE72E8A176329DB00994A18 /* PBXContainerItemProxy */ = {
			isa = PBXContainerItemProxy;
			containerPortal = 2FE72E5D176329DA00994A18 /* Project object */;
			proxyType = 1;
			remoteGlobalIDString = 2FE72E64176329DA00994A18;
			remoteInfo = EMCocoaToolbox_Demo;
		};
/* End PBXContainerItemProxy section */

/* Begin PBXFileReference section */
		2FE4BA4817C5FFF700685ADB /* NSUserDefaults+Condition.h */ = {isa = PBXFileReference; fileEncoding = 4; lastKnownFileType = sourcecode.c.h; path = "NSUserDefaults+Condition.h"; sourceTree = "<group>"; };
		2FE4BA4917C5FFF700685ADB /* NSUserDefaults+Condition.m */ = {isa = PBXFileReference; fileEncoding = 4; lastKnownFileType = sourcecode.c.objc; path = "NSUserDefaults+Condition.m"; sourceTree = "<group>"; };
		2FE4BA4B17C6028F00685ADB /* NSUserDefaultsEx.h */ = {isa = PBXFileReference; lastKnownFileType = sourcecode.c.h; path = NSUserDefaultsEx.h; sourceTree = "<group>"; };
		2FE72E65176329DA00994A18 /* EMCocoaToolbox_Demo.app */ = {isa = PBXFileReference; explicitFileType = wrapper.application; includeInIndex = 0; path = EMCocoaToolbox_Demo.app; sourceTree = BUILT_PRODUCTS_DIR; };
		2FE72E68176329DA00994A18 /* UIKit.framework */ = {isa = PBXFileReference; lastKnownFileType = wrapper.framework; name = UIKit.framework; path = System/Library/Frameworks/UIKit.framework; sourceTree = SDKROOT; };
		2FE72E6A176329DA00994A18 /* Foundation.framework */ = {isa = PBXFileReference; lastKnownFileType = wrapper.framework; name = Foundation.framework; path = System/Library/Frameworks/Foundation.framework; sourceTree = SDKROOT; };
		2FE72E6C176329DA00994A18 /* CoreGraphics.framework */ = {isa = PBXFileReference; lastKnownFileType = wrapper.framework; name = CoreGraphics.framework; path = System/Library/Frameworks/CoreGraphics.framework; sourceTree = SDKROOT; };
		2FE72E70176329DA00994A18 /* EMCocoaToolbox_Demo-Info.plist */ = {isa = PBXFileReference; lastKnownFileType = text.plist.xml; path = "EMCocoaToolbox_Demo-Info.plist"; sourceTree = "<group>"; };
		2FE72E72176329DA00994A18 /* en */ = {isa = PBXFileReference; lastKnownFileType = text.plist.strings; name = en; path = en.lproj/InfoPlist.strings; sourceTree = "<group>"; };
		2FE72E74176329DA00994A18 /* main.m */ = {isa = PBXFileReference; lastKnownFileType = sourcecode.c.objc; path = main.m; sourceTree = "<group>"; };
		2FE72E76176329DA00994A18 /* EMCocoaToolbox_Demo-Prefix.pch */ = {isa = PBXFileReference; lastKnownFileType = sourcecode.c.h; path = "EMCocoaToolbox_Demo-Prefix.pch"; sourceTree = "<group>"; };
		2FE72E77176329DA00994A18 /* EMAppDelegate.h */ = {isa = PBXFileReference; lastKnownFileType = sourcecode.c.h; path = EMAppDelegate.h; sourceTree = "<group>"; };
		2FE72E78176329DA00994A18 /* EMAppDelegate.m */ = {isa = PBXFileReference; lastKnownFileType = sourcecode.c.objc; path = EMAppDelegate.m; sourceTree = "<group>"; };
		2FE72E7A176329DA00994A18 /* Default.png */ = {isa = PBXFileReference; lastKnownFileType = image.png; path = Default.png; sourceTree = "<group>"; };
		2FE72E7C176329DB00994A18 /* Default@2x.png */ = {isa = PBXFileReference; lastKnownFileType = image.png; path = "Default@2x.png"; sourceTree = "<group>"; };
		2FE72E7E176329DB00994A18 /* Default-568h@2x.png */ = {isa = PBXFileReference; lastKnownFileType = image.png; path = "Default-568h@2x.png"; sourceTree = "<group>"; };
		2FE72E85176329DB00994A18 /* EMCocoaToolbox_DemoTests.octest */ = {isa = PBXFileReference; explicitFileType = wrapper.cfbundle; includeInIndex = 0; path = EMCocoaToolbox_DemoTests.octest; sourceTree = BUILT_PRODUCTS_DIR; };
		2FE72E86176329DB00994A18 /* SenTestingKit.framework */ = {isa = PBXFileReference; lastKnownFileType = wrapper.framework; name = SenTestingKit.framework; path = Library/Frameworks/SenTestingKit.framework; sourceTree = DEVELOPER_DIR; };
		2FE72E8E176329DB00994A18 /* EMCocoaToolbox_DemoTests-Info.plist */ = {isa = PBXFileReference; lastKnownFileType = text.plist.xml; path = "EMCocoaToolbox_DemoTests-Info.plist"; sourceTree = "<group>"; };
		2FE72E90176329DB00994A18 /* en */ = {isa = PBXFileReference; lastKnownFileType = text.plist.strings; name = en; path = en.lproj/InfoPlist.strings; sourceTree = "<group>"; };
		2FE72E92176329DB00994A18 /* EMCocoaToolbox_DemoTests.h */ = {isa = PBXFileReference; lastKnownFileType = sourcecode.c.h; path = EMCocoaToolbox_DemoTests.h; sourceTree = "<group>"; };
		2FE72E93176329DB00994A18 /* EMCocoaToolbox_DemoTests.m */ = {isa = PBXFileReference; lastKnownFileType = sourcecode.c.objc; path = EMCocoaToolbox_DemoTests.m; sourceTree = "<group>"; };
		9854F9C317675B0D006FC3C4 /* EMAppEnvironment.h */ = {isa = PBXFileReference; fileEncoding = 4; lastKnownFileType = sourcecode.c.h; path = EMAppEnvironment.h; sourceTree = "<group>"; };
		9854F9C417675B0D006FC3C4 /* EMAppEnvironment.m */ = {isa = PBXFileReference; fileEncoding = 4; lastKnownFileType = sourcecode.c.objc; path = EMAppEnvironment.m; sourceTree = "<group>"; };
		9854F9C517675B0D006FC3C4 /* EMCocoaToolbox.h */ = {isa = PBXFileReference; fileEncoding = 4; lastKnownFileType = sourcecode.c.h; path = EMCocoaToolbox.h; sourceTree = "<group>"; };
		9854F9C717675B0D006FC3C4 /* NSData+MD5.h */ = {isa = PBXFileReference; fileEncoding = 4; lastKnownFileType = sourcecode.c.h; path = "NSData+MD5.h"; sourceTree = "<group>"; };
		9854F9C817675B0D006FC3C4 /* NSData+MD5.m */ = {isa = PBXFileReference; fileEncoding = 4; lastKnownFileType = sourcecode.c.objc; path = "NSData+MD5.m"; sourceTree = "<group>"; };
		9854F9C917675B0D006FC3C4 /* NSDataEx.h */ = {isa = PBXFileReference; fileEncoding = 4; lastKnownFileType = sourcecode.c.h; path = NSDataEx.h; sourceTree = "<group>"; };
		9854F9CB17675B0D006FC3C4 /* NSDictionary+Store.h */ = {isa = PBXFileReference; fileEncoding = 4; lastKnownFileType = sourcecode.c.h; path = "NSDictionary+Store.h"; sourceTree = "<group>"; };
		9854F9CC17675B0D006FC3C4 /* NSDictionary+Store.m */ = {isa = PBXFileReference; fileEncoding = 4; lastKnownFileType = sourcecode.c.objc; path = "NSDictionary+Store.m"; sourceTree = "<group>"; };
		9854F9CD17675B0D006FC3C4 /* NSDictionaryEx.h */ = {isa = PBXFileReference; fileEncoding = 4; lastKnownFileType = sourcecode.c.h; path = NSDictionaryEx.h; sourceTree = "<group>"; };
		9854F9CF17675B0D006FC3C4 /* NSFileManager+Extensions.h */ = {isa = PBXFileReference; fileEncoding = 4; lastKnownFileType = sourcecode.c.h; path = "NSFileManager+Extensions.h"; sourceTree = "<group>"; };
		9854F9D017675B0D006FC3C4 /* NSFileManager+Extensions.m */ = {isa = PBXFileReference; fileEncoding = 4; lastKnownFileType = sourcecode.c.objc; path = "NSFileManager+Extensions.m"; sourceTree = "<group>"; };
		9854F9D117675B0D006FC3C4 /* NSFileManagerEx.h */ = {isa = PBXFileReference; fileEncoding = 4; lastKnownFileType = sourcecode.c.h; path = NSFileManagerEx.h; sourceTree = "<group>"; };
		9854F9D317675B0D006FC3C4 /* NSNumber+RandomNumber.h */ = {isa = PBXFileReference; fileEncoding = 4; lastKnownFileType = sourcecode.c.h; path = "NSNumber+RandomNumber.h"; sourceTree = "<group>"; };
		9854F9D417675B0D006FC3C4 /* NSNumber+RandomNumber.m */ = {isa = PBXFileReference; fileEncoding = 4; lastKnownFileType = sourcecode.c.objc; path = "NSNumber+RandomNumber.m"; sourceTree = "<group>"; };
		9854F9D517675B0D006FC3C4 /* NSNumberEx.h */ = {isa = PBXFileReference; fileEncoding = 4; lastKnownFileType = sourcecode.c.h; path = NSNumberEx.h; sourceTree = "<group>"; };
		9854F9D717675B0D006FC3C4 /* NSObject+Valid.h */ = {isa = PBXFileReference; fileEncoding = 4; lastKnownFileType = sourcecode.c.h; path = "NSObject+Valid.h"; sourceTree = "<group>"; };
		9854F9D817675B0D006FC3C4 /* NSObject+Valid.m */ = {isa = PBXFileReference; fileEncoding = 4; lastKnownFileType = sourcecode.c.objc; path = "NSObject+Valid.m"; sourceTree = "<group>"; };
		9854F9D917675B0D006FC3C4 /* NSObjectEx.h */ = {isa = PBXFileReference; fileEncoding = 4; lastKnownFileType = sourcecode.c.h; path = NSObjectEx.h; sourceTree = "<group>"; };
		9854F9DB17675B0D006FC3C4 /* NSString+Empty.h */ = {isa = PBXFileReference; fileEncoding = 4; lastKnownFileType = sourcecode.c.h; path = "NSString+Empty.h"; sourceTree = "<group>"; };
		9854F9DC17675B0D006FC3C4 /* NSString+Empty.m */ = {isa = PBXFileReference; fileEncoding = 4; lastKnownFileType = sourcecode.c.objc; path = "NSString+Empty.m"; sourceTree = "<group>"; };
		9854F9DD17675B0D006FC3C4 /* NSString+Equal.h */ = {isa = PBXFileReference; fileEncoding = 4; lastKnownFileType = sourcecode.c.h; path = "NSString+Equal.h"; sourceTree = "<group>"; };
		9854F9DE17675B0D006FC3C4 /* NSString+Equal.m */ = {isa = PBXFileReference; fileEncoding = 4; lastKnownFileType = sourcecode.c.objc; path = "NSString+Equal.m"; sourceTree = "<group>"; };
		9854F9DF17675B0D006FC3C4 /* NSString+FileName.h */ = {isa = PBXFileReference; fileEncoding = 4; lastKnownFileType = sourcecode.c.h; path = "NSString+FileName.h"; sourceTree = "<group>"; };
		9854F9E017675B0D006FC3C4 /* NSString+FileName.m */ = {isa = PBXFileReference; fileEncoding = 4; lastKnownFileType = sourcecode.c.objc; path = "NSString+FileName.m"; sourceTree = "<group>"; };
		9854F9E117675B0D006FC3C4 /* NSString+MD5.h */ = {isa = PBXFileReference; fileEncoding = 4; lastKnownFileType = sourcecode.c.h; path = "NSString+MD5.h"; sourceTree = "<group>"; };
		9854F9E217675B0D006FC3C4 /* NSString+MD5.m */ = {isa = PBXFileReference; fileEncoding = 4; lastKnownFileType = sourcecode.c.objc; path = "NSString+MD5.m"; sourceTree = "<group>"; };
		9854F9E317675B0D006FC3C4 /* NSString+UTF8.h */ = {isa = PBXFileReference; fileEncoding = 4; lastKnownFileType = sourcecode.c.h; path = "NSString+UTF8.h"; sourceTree = "<group>"; };
		9854F9E417675B0D006FC3C4 /* NSString+UTF8.m */ = {isa = PBXFileReference; fileEncoding = 4; lastKnownFileType = sourcecode.c.objc; path = "NSString+UTF8.m"; sourceTree = "<group>"; };
		9854F9E517675B0D006FC3C4 /* NSStringEx.h */ = {isa = PBXFileReference; fileEncoding = 4; lastKnownFileType = sourcecode.c.h; path = NSStringEx.h; sourceTree = "<group>"; };
		9854F9E717675B0D006FC3C4 /* NSTimer+Block.h */ = {isa = PBXFileReference; fileEncoding = 4; lastKnownFileType = sourcecode.c.h; path = "NSTimer+Block.h"; sourceTree = "<group>"; };
		9854F9E817675B0D006FC3C4 /* NSTimer+Block.m */ = {isa = PBXFileReference; fileEncoding = 4; lastKnownFileType = sourcecode.c.objc; path = "NSTimer+Block.m"; sourceTree = "<group>"; };
		9854F9E917675B0D006FC3C4 /* NSTimerEx.h */ = {isa = PBXFileReference; fileEncoding = 4; lastKnownFileType = sourcecode.c.h; path = NSTimerEx.h; sourceTree = "<group>"; };
		98925009179EE22F00BEB6D1 /* CGEx.h */ = {isa = PBXFileReference; fileEncoding = 4; lastKnownFileType = sourcecode.c.h; path = CGEx.h; sourceTree = "<group>"; };
/* End PBXFileReference section */

/* Begin PBXFrameworksBuildPhase section */
		2FE72E62176329DA00994A18 /* Frameworks */ = {
			isa = PBXFrameworksBuildPhase;
			buildActionMask = 2147483647;
			files = (
				2FE72E69176329DA00994A18 /* UIKit.framework in Frameworks */,
				2FE72E6B176329DA00994A18 /* Foundation.framework in Frameworks */,
				2FE72E6D176329DA00994A18 /* CoreGraphics.framework in Frameworks */,
			);
			runOnlyForDeploymentPostprocessing = 0;
		};
		2FE72E81176329DB00994A18 /* Frameworks */ = {
			isa = PBXFrameworksBuildPhase;
			buildActionMask = 2147483647;
			files = (
				2FE72E87176329DB00994A18 /* SenTestingKit.framework in Frameworks */,
				2FE72E88176329DB00994A18 /* UIKit.framework in Frameworks */,
				2FE72E89176329DB00994A18 /* Foundation.framework in Frameworks */,
			);
			runOnlyForDeploymentPostprocessing = 0;
		};
/* End PBXFrameworksBuildPhase section */

/* Begin PBXGroup section */
		2FE4BA4717C5FFF700685ADB /* NSUserDefaultsEx */ = {
			isa = PBXGroup;
			children = (
				2FE4BA4817C5FFF700685ADB /* NSUserDefaults+Condition.h */,
				2FE4BA4917C5FFF700685ADB /* NSUserDefaults+Condition.m */,
				2FE4BA4B17C6028F00685ADB /* NSUserDefaultsEx.h */,
			);
			path = NSUserDefaultsEx;
			sourceTree = "<group>";
		};
		2FE72E5C176329DA00994A18 = {
			isa = PBXGroup;
			children = (
				9854F9C117675B0D006FC3C4 /* EMCocoaToolbox */,
				2FE72E6E176329DA00994A18 /* EMCocoaToolbox_Demo */,
				2FE72E8C176329DB00994A18 /* EMCocoaToolbox_DemoTests */,
				2FE72E67176329DA00994A18 /* Frameworks */,
				2FE72E66176329DA00994A18 /* Products */,
			);
			sourceTree = "<group>";
		};
		2FE72E66176329DA00994A18 /* Products */ = {
			isa = PBXGroup;
			children = (
				2FE72E65176329DA00994A18 /* EMCocoaToolbox_Demo.app */,
				2FE72E85176329DB00994A18 /* EMCocoaToolbox_DemoTests.octest */,
			);
			name = Products;
			sourceTree = "<group>";
		};
		2FE72E67176329DA00994A18 /* Frameworks */ = {
			isa = PBXGroup;
			children = (
				2FE72E68176329DA00994A18 /* UIKit.framework */,
				2FE72E6A176329DA00994A18 /* Foundation.framework */,
				2FE72E6C176329DA00994A18 /* CoreGraphics.framework */,
				2FE72E86176329DB00994A18 /* SenTestingKit.framework */,
			);
			name = Frameworks;
			sourceTree = "<group>";
		};
		2FE72E6E176329DA00994A18 /* EMCocoaToolbox_Demo */ = {
			isa = PBXGroup;
			children = (
				2FE72E77176329DA00994A18 /* EMAppDelegate.h */,
				2FE72E78176329DA00994A18 /* EMAppDelegate.m */,
				2FE72E6F176329DA00994A18 /* Supporting Files */,
			);
			path = EMCocoaToolbox_Demo;
			sourceTree = "<group>";
		};
		2FE72E6F176329DA00994A18 /* Supporting Files */ = {
			isa = PBXGroup;
			children = (
				2FE72E70176329DA00994A18 /* EMCocoaToolbox_Demo-Info.plist */,
				2FE72E71176329DA00994A18 /* InfoPlist.strings */,
				2FE72E74176329DA00994A18 /* main.m */,
				2FE72E76176329DA00994A18 /* EMCocoaToolbox_Demo-Prefix.pch */,
				2FE72E7A176329DA00994A18 /* Default.png */,
				2FE72E7C176329DB00994A18 /* Default@2x.png */,
				2FE72E7E176329DB00994A18 /* Default-568h@2x.png */,
			);
			name = "Supporting Files";
			sourceTree = "<group>";
		};
		2FE72E8C176329DB00994A18 /* EMCocoaToolbox_DemoTests */ = {
			isa = PBXGroup;
			children = (
				2FE72E92176329DB00994A18 /* EMCocoaToolbox_DemoTests.h */,
				2FE72E93176329DB00994A18 /* EMCocoaToolbox_DemoTests.m */,
				2FE72E8D176329DB00994A18 /* Supporting Files */,
			);
			path = EMCocoaToolbox_DemoTests;
			sourceTree = "<group>";
		};
		2FE72E8D176329DB00994A18 /* Supporting Files */ = {
			isa = PBXGroup;
			children = (
				2FE72E8E176329DB00994A18 /* EMCocoaToolbox_DemoTests-Info.plist */,
				2FE72E8F176329DB00994A18 /* InfoPlist.strings */,
			);
			name = "Supporting Files";
			sourceTree = "<group>";
		};
		9854F9C117675B0D006FC3C4 /* EMCocoaToolbox */ = {
			isa = PBXGroup;
			children = (
				9854F9C517675B0D006FC3C4 /* EMCocoaToolbox.h */,
				98925008179EE22F00BEB6D1 /* CGEx */,
				9854F9C217675B0D006FC3C4 /* EMAppEnvironment */,
				9854F9C617675B0D006FC3C4 /* NSDataEx */,
				9854F9CA17675B0D006FC3C4 /* NSDictionaryEx */,
				9854F9CE17675B0D006FC3C4 /* NSFileManagerEx */,
				9854F9D217675B0D006FC3C4 /* NSNumberEx */,
				9854F9D617675B0D006FC3C4 /* NSObjectEx */,
				9854F9DA17675B0D006FC3C4 /* NSStringEx */,
				9854F9E617675B0D006FC3C4 /* NSTimerEx */,
				2FE4BA4717C5FFF700685ADB /* NSUserDefaultsEx */,
			);
			path = EMCocoaToolbox;
			sourceTree = "<group>";
		};
		9854F9C217675B0D006FC3C4 /* EMAppEnvironment */ = {
			isa = PBXGroup;
			children = (
				9854F9C317675B0D006FC3C4 /* EMAppEnvironment.h */,
				9854F9C417675B0D006FC3C4 /* EMAppEnvironment.m */,
			);
			path = EMAppEnvironment;
			sourceTree = "<group>";
		};
		9854F9C617675B0D006FC3C4 /* NSDataEx */ = {
			isa = PBXGroup;
			children = (
				9854F9C717675B0D006FC3C4 /* NSData+MD5.h */,
				9854F9C817675B0D006FC3C4 /* NSData+MD5.m */,
				9854F9C917675B0D006FC3C4 /* NSDataEx.h */,
			);
			path = NSDataEx;
			sourceTree = "<group>";
		};
		9854F9CA17675B0D006FC3C4 /* NSDictionaryEx */ = {
			isa = PBXGroup;
			children = (
				9854F9CB17675B0D006FC3C4 /* NSDictionary+Store.h */,
				9854F9CC17675B0D006FC3C4 /* NSDictionary+Store.m */,
				9854F9CD17675B0D006FC3C4 /* NSDictionaryEx.h */,
			);
			path = NSDictionaryEx;
			sourceTree = "<group>";
		};
		9854F9CE17675B0D006FC3C4 /* NSFileManagerEx */ = {
			isa = PBXGroup;
			children = (
				9854F9CF17675B0D006FC3C4 /* NSFileManager+Extensions.h */,
				9854F9D017675B0D006FC3C4 /* NSFileManager+Extensions.m */,
				9854F9D117675B0D006FC3C4 /* NSFileManagerEx.h */,
			);
			path = NSFileManagerEx;
			sourceTree = "<group>";
		};
		9854F9D217675B0D006FC3C4 /* NSNumberEx */ = {
			isa = PBXGroup;
			children = (
				9854F9D317675B0D006FC3C4 /* NSNumber+RandomNumber.h */,
				9854F9D417675B0D006FC3C4 /* NSNumber+RandomNumber.m */,
				9854F9D517675B0D006FC3C4 /* NSNumberEx.h */,
			);
			path = NSNumberEx;
			sourceTree = "<group>";
		};
		9854F9D617675B0D006FC3C4 /* NSObjectEx */ = {
			isa = PBXGroup;
			children = (
				9854F9D717675B0D006FC3C4 /* NSObject+Valid.h */,
				9854F9D817675B0D006FC3C4 /* NSObject+Valid.m */,
				9854F9D917675B0D006FC3C4 /* NSObjectEx.h */,
			);
			path = NSObjectEx;
			sourceTree = "<group>";
		};
		9854F9DA17675B0D006FC3C4 /* NSStringEx */ = {
			isa = PBXGroup;
			children = (
				9854F9DB17675B0D006FC3C4 /* NSString+Empty.h */,
				9854F9DC17675B0D006FC3C4 /* NSString+Empty.m */,
				9854F9DD17675B0D006FC3C4 /* NSString+Equal.h */,
				9854F9DE17675B0D006FC3C4 /* NSString+Equal.m */,
				9854F9DF17675B0D006FC3C4 /* NSString+FileName.h */,
				9854F9E017675B0D006FC3C4 /* NSString+FileName.m */,
				9854F9E117675B0D006FC3C4 /* NSString+MD5.h */,
				9854F9E217675B0D006FC3C4 /* NSString+MD5.m */,
				9854F9E317675B0D006FC3C4 /* NSString+UTF8.h */,
				9854F9E417675B0D006FC3C4 /* NSString+UTF8.m */,
				9854F9E517675B0D006FC3C4 /* NSStringEx.h */,
			);
			path = NSStringEx;
			sourceTree = "<group>";
		};
		9854F9E617675B0D006FC3C4 /* NSTimerEx */ = {
			isa = PBXGroup;
			children = (
				9854F9E717675B0D006FC3C4 /* NSTimer+Block.h */,
				9854F9E817675B0D006FC3C4 /* NSTimer+Block.m */,
				9854F9E917675B0D006FC3C4 /* NSTimerEx.h */,
			);
			path = NSTimerEx;
			sourceTree = "<group>";
		};
		98925008179EE22F00BEB6D1 /* CGEx */ = {
			isa = PBXGroup;
			children = (
				98925009179EE22F00BEB6D1 /* CGEx.h */,
			);
			path = CGEx;
			sourceTree = "<group>";
		};
/* End PBXGroup section */

/* Begin PBXNativeTarget section */
		2FE72E64176329DA00994A18 /* EMCocoaToolbox_Demo */ = {
			isa = PBXNativeTarget;
			buildConfigurationList = 2FE72E97176329DB00994A18 /* Build configuration list for PBXNativeTarget "EMCocoaToolbox_Demo" */;
			buildPhases = (
				2FE72E61176329DA00994A18 /* Sources */,
				2FE72E62176329DA00994A18 /* Frameworks */,
				2FE72E63176329DA00994A18 /* Resources */,
			);
			buildRules = (
			);
			dependencies = (
			);
			name = EMCocoaToolbox_Demo;
			productName = EMCocoaToolbox_Demo;
			productReference = 2FE72E65176329DA00994A18 /* EMCocoaToolbox_Demo.app */;
			productType = "com.apple.product-type.application";
		};
		2FE72E84176329DB00994A18 /* EMCocoaToolbox_DemoTests */ = {
			isa = PBXNativeTarget;
			buildConfigurationList = 2FE72E9A176329DB00994A18 /* Build configuration list for PBXNativeTarget "EMCocoaToolbox_DemoTests" */;
			buildPhases = (
				2FE72E80176329DB00994A18 /* Sources */,
				2FE72E81176329DB00994A18 /* Frameworks */,
				2FE72E82176329DB00994A18 /* Resources */,
				2FE72E83176329DB00994A18 /* ShellScript */,
			);
			buildRules = (
			);
			dependencies = (
				2FE72E8B176329DB00994A18 /* PBXTargetDependency */,
			);
			name = EMCocoaToolbox_DemoTests;
			productName = EMCocoaToolbox_DemoTests;
			productReference = 2FE72E85176329DB00994A18 /* EMCocoaToolbox_DemoTests.octest */;
			productType = "com.apple.product-type.bundle";
		};
/* End PBXNativeTarget section */

/* Begin PBXProject section */
		2FE72E5D176329DA00994A18 /* Project object */ = {
			isa = PBXProject;
			attributes = {
				CLASSPREFIX = EM;
				LastUpgradeCheck = 0460;
				ORGANIZATIONNAME = Echoldman;
			};
			buildConfigurationList = 2FE72E60176329DA00994A18 /* Build configuration list for PBXProject "EMCocoaToolbox_Demo" */;
			compatibilityVersion = "Xcode 3.2";
			developmentRegion = English;
			hasScannedForEncodings = 0;
			knownRegions = (
				en,
			);
			mainGroup = 2FE72E5C176329DA00994A18;
			productRefGroup = 2FE72E66176329DA00994A18 /* Products */;
			projectDirPath = "";
			projectRoot = "";
			targets = (
				2FE72E64176329DA00994A18 /* EMCocoaToolbox_Demo */,
				2FE72E84176329DB00994A18 /* EMCocoaToolbox_DemoTests */,
			);
		};
/* End PBXProject section */

/* Begin PBXResourcesBuildPhase section */
		2FE72E63176329DA00994A18 /* Resources */ = {
			isa = PBXResourcesBuildPhase;
			buildActionMask = 2147483647;
			files = (
				2FE72E73176329DA00994A18 /* InfoPlist.strings in Resources */,
				2FE72E7B176329DB00994A18 /* Default.png in Resources */,
				2FE72E7D176329DB00994A18 /* Default@2x.png in Resources */,
				2FE72E7F176329DB00994A18 /* Default-568h@2x.png in Resources */,
			);
			runOnlyForDeploymentPostprocessing = 0;
		};
		2FE72E82176329DB00994A18 /* Resources */ = {
			isa = PBXResourcesBuildPhase;
			buildActionMask = 2147483647;
			files = (
				2FE72E91176329DB00994A18 /* InfoPlist.strings in Resources */,
			);
			runOnlyForDeploymentPostprocessing = 0;
		};
/* End PBXResourcesBuildPhase section */

/* Begin PBXShellScriptBuildPhase section */
		2FE72E83176329DB00994A18 /* ShellScript */ = {
			isa = PBXShellScriptBuildPhase;
			buildActionMask = 2147483647;
			files = (
			);
			inputPaths = (
			);
			outputPaths = (
			);
			runOnlyForDeploymentPostprocessing = 0;
			shellPath = /bin/sh;
			shellScript = "# Run the unit tests in this test bundle.\n\"${SYSTEM_DEVELOPER_DIR}/Tools/RunUnitTests\"\n";
		};
/* End PBXShellScriptBuildPhase section */

/* Begin PBXSourcesBuildPhase section */
		2FE72E61176329DA00994A18 /* Sources */ = {
			isa = PBXSourcesBuildPhase;
			buildActionMask = 2147483647;
			files = (
				2FE72E75176329DA00994A18 /* main.m in Sources */,
				2FE72E79176329DA00994A18 /* EMAppDelegate.m in Sources */,
				9854F9EA17675B0D006FC3C4 /* EMAppEnvironment.m in Sources */,
				9854F9EC17675B0D006FC3C4 /* NSData+MD5.m in Sources */,
				9854F9EE17675B0D006FC3C4 /* NSDictionary+Store.m in Sources */,
				9854F9F017675B0D006FC3C4 /* NSFileManager+Extensions.m in Sources */,
				9854F9F217675B0D006FC3C4 /* NSNumber+RandomNumber.m in Sources */,
				9854F9F417675B0D006FC3C4 /* NSObject+Valid.m in Sources */,
				9854F9F617675B0D006FC3C4 /* NSString+Empty.m in Sources */,
				9854F9F817675B0D006FC3C4 /* NSString+Equal.m in Sources */,
				9854F9FA17675B0D006FC3C4 /* NSString+FileName.m in Sources */,
				9854F9FC17675B0D006FC3C4 /* NSString+MD5.m in Sources */,
				9854F9FE17675B0D006FC3C4 /* NSString+UTF8.m in Sources */,
				9854FA0017675B0D006FC3C4 /* NSTimer+Block.m in Sources */,
				2FE4BA4A17C5FFF700685ADB /* NSUserDefaults+Condition.m in Sources */,
			);
			runOnlyForDeploymentPostprocessing = 0;
		};
		2FE72E80176329DB00994A18 /* Sources */ = {
			isa = PBXSourcesBuildPhase;
			buildActionMask = 2147483647;
			files = (
				2FE72E94176329DB00994A18 /* EMCocoaToolbox_DemoTests.m in Sources */,
				9854F9EB17675B0D006FC3C4 /* EMAppEnvironment.m in Sources */,
				9854F9ED17675B0D006FC3C4 /* NSData+MD5.m in Sources */,
				9854F9EF17675B0D006FC3C4 /* NSDictionary+Store.m in Sources */,
				9854F9F117675B0D006FC3C4 /* NSFileManager+Extensions.m in Sources */,
				9854F9F317675B0D006FC3C4 /* NSNumber+RandomNumber.m in Sources */,
				9854F9F517675B0D006FC3C4 /* NSObject+Valid.m in Sources */,
				9854F9F717675B0D006FC3C4 /* NSString+Empty.m in Sources */,
				9854F9F917675B0D006FC3C4 /* NSString+Equal.m in Sources */,
				9854F9FB17675B0D006FC3C4 /* NSString+FileName.m in Sources */,
				9854F9FD17675B0D006FC3C4 /* NSString+MD5.m in Sources */,
				9854F9FF17675B0D006FC3C4 /* NSString+UTF8.m in Sources */,
				9854FA0117675B0D006FC3C4 /* NSTimer+Block.m in Sources */,
			);
			runOnlyForDeploymentPostprocessing = 0;
		};
/* End PBXSourcesBuildPhase section */

/* Begin PBXTargetDependency section */
		2FE72E8B176329DB00994A18 /* PBXTargetDependency */ = {
			isa = PBXTargetDependency;
			target = 2FE72E64176329DA00994A18 /* EMCocoaToolbox_Demo */;
			targetProxy = 2FE72E8A176329DB00994A18 /* PBXContainerItemProxy */;
		};
/* End PBXTargetDependency section */

/* Begin PBXVariantGroup section */
		2FE72E71176329DA00994A18 /* InfoPlist.strings */ = {
			isa = PBXVariantGroup;
			children = (
				2FE72E72176329DA00994A18 /* en */,
			);
			name = InfoPlist.strings;
			sourceTree = "<group>";
		};
		2FE72E8F176329DB00994A18 /* InfoPlist.strings */ = {
			isa = PBXVariantGroup;
			children = (
				2FE72E90176329DB00994A18 /* en */,
			);
			name = InfoPlist.strings;
			sourceTree = "<group>";
		};
/* End PBXVariantGroup section */

/* Begin XCBuildConfiguration section */
		2FE72E95176329DB00994A18 /* Debug */ = {
			isa = XCBuildConfiguration;
			buildSettings = {
				ALWAYS_SEARCH_USER_PATHS = NO;
				CLANG_CXX_LANGUAGE_STANDARD = "gnu++0x";
				CLANG_CXX_LIBRARY = "libc++";
				CLANG_WARN_CONSTANT_CONVERSION = YES;
				CLANG_WARN_EMPTY_BODY = YES;
				CLANG_WARN_ENUM_CONVERSION = YES;
				CLANG_WARN_INT_CONVERSION = YES;
				CLANG_WARN__DUPLICATE_METHOD_MATCH = YES;
				"CODE_SIGN_IDENTITY[sdk=iphoneos*]" = "iPhone Developer";
				COPY_PHASE_STRIP = NO;
				GCC_C_LANGUAGE_STANDARD = gnu99;
				GCC_DYNAMIC_NO_PIC = NO;
				GCC_OPTIMIZATION_LEVEL = 0;
				GCC_PREPROCESSOR_DEFINITIONS = (
					"DEBUG=1",
					"$(inherited)",
				);
				GCC_SYMBOLS_PRIVATE_EXTERN = NO;
				GCC_WARN_ABOUT_RETURN_TYPE = YES;
				GCC_WARN_UNINITIALIZED_AUTOS = YES;
				GCC_WARN_UNUSED_VARIABLE = YES;
				IPHONEOS_DEPLOYMENT_TARGET = 6.1;
				ONLY_ACTIVE_ARCH = YES;
				SDKROOT = iphoneos;
			};
			name = Debug;
		};
		2FE72E96176329DB00994A18 /* Release */ = {
			isa = XCBuildConfiguration;
			buildSettings = {
				ALWAYS_SEARCH_USER_PATHS = NO;
				CLANG_CXX_LANGUAGE_STANDARD = "gnu++0x";
				CLANG_CXX_LIBRARY = "libc++";
				CLANG_WARN_CONSTANT_CONVERSION = YES;
				CLANG_WARN_EMPTY_BODY = YES;
				CLANG_WARN_ENUM_CONVERSION = YES;
				CLANG_WARN_INT_CONVERSION = YES;
				CLANG_WARN__DUPLICATE_METHOD_MATCH = YES;
				"CODE_SIGN_IDENTITY[sdk=iphoneos*]" = "iPhone Developer";
				COPY_PHASE_STRIP = YES;
				GCC_C_LANGUAGE_STANDARD = gnu99;
				GCC_WARN_ABOUT_RETURN_TYPE = YES;
				GCC_WARN_UNINITIALIZED_AUTOS = YES;
				GCC_WARN_UNUSED_VARIABLE = YES;
				IPHONEOS_DEPLOYMENT_TARGET = 6.1;
				OTHER_CFLAGS = "-DNS_BLOCK_ASSERTIONS=1";
				SDKROOT = iphoneos;
				VALIDATE_PRODUCT = YES;
			};
			name = Release;
		};
		2FE72E98176329DB00994A18 /* Debug */ = {
			isa = XCBuildConfiguration;
			buildSettings = {
				GCC_PRECOMPILE_PREFIX_HEADER = YES;
				GCC_PREFIX_HEADER = "EMCocoaToolbox_Demo/EMCocoaToolbox_Demo-Prefix.pch";
				INFOPLIST_FILE = "EMCocoaToolbox_Demo/EMCocoaToolbox_Demo-Info.plist";
				PRODUCT_NAME = "$(TARGET_NAME)";
				WRAPPER_EXTENSION = app;
			};
			name = Debug;
		};
		2FE72E99176329DB00994A18 /* Release */ = {
			isa = XCBuildConfiguration;
			buildSettings = {
				GCC_PRECOMPILE_PREFIX_HEADER = YES;
				GCC_PREFIX_HEADER = "EMCocoaToolbox_Demo/EMCocoaToolbox_Demo-Prefix.pch";
				INFOPLIST_FILE = "EMCocoaToolbox_Demo/EMCocoaToolbox_Demo-Info.plist";
				PRODUCT_NAME = "$(TARGET_NAME)";
				WRAPPER_EXTENSION = app;
			};
			name = Release;
		};
		2FE72E9B176329DB00994A18 /* Debug */ = {
			isa = XCBuildConfiguration;
			buildSettings = {
				BUNDLE_LOADER = "$(BUILT_PRODUCTS_DIR)/EMCocoaToolbox_Demo.app/EMCocoaToolbox_Demo";
				FRAMEWORK_SEARCH_PATHS = (
					"\"$(SDKROOT)/Developer/Library/Frameworks\"",
					"\"$(DEVELOPER_LIBRARY_DIR)/Frameworks\"",
				);
				GCC_PRECOMPILE_PREFIX_HEADER = YES;
				GCC_PREFIX_HEADER = "EMCocoaToolbox_Demo/EMCocoaToolbox_Demo-Prefix.pch";
				INFOPLIST_FILE = "EMCocoaToolbox_DemoTests/EMCocoaToolbox_DemoTests-Info.plist";
				PRODUCT_NAME = "$(TARGET_NAME)";
				TEST_HOST = "$(BUNDLE_LOADER)";
				WRAPPER_EXTENSION = octest;
			};
			name = Debug;
		};
		2FE72E9C176329DB00994A18 /* Release */ = {
			isa = XCBuildConfiguration;
			buildSettings = {
				BUNDLE_LOADER = "$(BUILT_PRODUCTS_DIR)/EMCocoaToolbox_Demo.app/EMCocoaToolbox_Demo";
				FRAMEWORK_SEARCH_PATHS = (
					"\"$(SDKROOT)/Developer/Library/Frameworks\"",
					"\"$(DEVELOPER_LIBRARY_DIR)/Frameworks\"",
				);
				GCC_PRECOMPILE_PREFIX_HEADER = YES;
				GCC_PREFIX_HEADER = "EMCocoaToolbox_Demo/EMCocoaToolbox_Demo-Prefix.pch";
				INFOPLIST_FILE = "EMCocoaToolbox_DemoTests/EMCocoaToolbox_DemoTests-Info.plist";
				PRODUCT_NAME = "$(TARGET_NAME)";
				TEST_HOST = "$(BUNDLE_LOADER)";
				WRAPPER_EXTENSION = octest;
			};
			name = Release;
		};
/* End XCBuildConfiguration section */

/* Begin XCConfigurationList section */
		2FE72E60176329DA00994A18 /* Build configuration list for PBXProject "EMCocoaToolbox_Demo" */ = {
			isa = XCConfigurationList;
			buildConfigurations = (
				2FE72E95176329DB00994A18 /* Debug */,
				2FE72E96176329DB00994A18 /* Release */,
			);
			defaultConfigurationIsVisible = 0;
			defaultConfigurationName = Release;
		};
		2FE72E97176329DB00994A18 /* Build configuration list for PBXNativeTarget "EMCocoaToolbox_Demo" */ = {
			isa = XCConfigurationList;
			buildConfigurations = (
				2FE72E98176329DB00994A18 /* Debug */,
				2FE72E99176329DB00994A18 /* Release */,
			);
			defaultConfigurationIsVisible = 0;
			defaultConfigurationName = Release;
		};
		2FE72E9A176329DB00994A18 /* Build configuration list for PBXNativeTarget "EMCocoaToolbox_DemoTests" */ = {
			isa = XCConfigurationList;
			buildConfigurations = (
				2FE72E9B176329DB00994A18 /* Debug */,
				2FE72E9C176329DB00994A18 /* Release */,
			);
			defaultConfigurationIsVisible = 0;
			defaultConfigurationName = Release;
		};
/* End XCConfigurationList section */
	};
	rootObject = 2FE72E5D176329DA00994A18 /* Project object */;
}
