// !$*UTF8*$!
{
	archiveVersion = 1;
	classes = {
	};
	objectVersion = 46;
	objects = {

/* Begin PBXBuildFile section */
		98657C5616AEE8B200D05C69 /* Foundation.framework in Frameworks */ = {isa = PBXBuildFile; fileRef = 98657C5516AEE8B200D05C69 /* Foundation.framework */; };
		98657C5916AEE8B200D05C69 /* main.m in Sources */ = {isa = PBXBuildFile; fileRef = 98657C5816AEE8B200D05C69 /* main.m */; };
		98657C5D16AEE8B200D05C69 /* EMCocoaToolbox.1 in CopyFiles */ = {isa = PBXBuildFile; fileRef = 98657C5C16AEE8B200D05C69 /* EMCocoaToolbox.1 */; };
/* End PBXBuildFile section */

/* Begin PBXCopyFilesBuildPhase section */
		98657C4F16AEE8B200D05C69 /* CopyFiles */ = {
			isa = PBXCopyFilesBuildPhase;
			buildActionMask = 2147483647;
			dstPath = /usr/share/man/man1/;
			dstSubfolderSpec = 0;
			files = (
				98657C5D16AEE8B200D05C69 /* EMCocoaToolbox.1 in CopyFiles */,
			);
			runOnlyForDeploymentPostprocessing = 1;
		};
/* End PBXCopyFilesBuildPhase section */

/* Begin PBXFileReference section */
		98657C5116AEE8B200D05C69 /* EMCocoaToolbox */ = {isa = PBXFileReference; explicitFileType = "compiled.mach-o.executable"; includeInIndex = 0; path = EMCocoaToolbox; sourceTree = BUILT_PRODUCTS_DIR; };
		98657C5516AEE8B200D05C69 /* Foundation.framework */ = {isa = PBXFileReference; lastKnownFileType = wrapper.framework; name = Foundation.framework; path = System/Library/Frameworks/Foundation.framework; sourceTree = SDKROOT; };
		98657C5816AEE8B200D05C69 /* main.m */ = {isa = PBXFileReference; lastKnownFileType = sourcecode.c.objc; path = main.m; sourceTree = "<group>"; };
		98657C5B16AEE8B200D05C69 /* EMCocoaToolbox-Prefix.pch */ = {isa = PBXFileReference; lastKnownFileType = sourcecode.c.h; path = "EMCocoaToolbox-Prefix.pch"; sourceTree = "<group>"; };
		98657C5C16AEE8B200D05C69 /* EMCocoaToolbox.1 */ = {isa = PBXFileReference; lastKnownFileType = text.man; path = EMCocoaToolbox.1; sourceTree = "<group>"; };
/* End PBXFileReference section */

/* Begin PBXFrameworksBuildPhase section */
		98657C4E16AEE8B200D05C69 /* Frameworks */ = {
			isa = PBXFrameworksBuildPhase;
			buildActionMask = 2147483647;
			files = (
				98657C5616AEE8B200D05C69 /* Foundation.framework in Frameworks */,
			);
			runOnlyForDeploymentPostprocessing = 0;
		};
/* End PBXFrameworksBuildPhase section */

/* Begin PBXGroup section */
		98657C4616AEE8B200D05C69 = {
			isa = PBXGroup;
			children = (
				98657C5716AEE8B200D05C69 /* EMCocoaToolbox */,
				98657C5416AEE8B200D05C69 /* Frameworks */,
				98657C5216AEE8B200D05C69 /* Products */,
			);
			sourceTree = "<group>";
		};
		98657C5216AEE8B200D05C69 /* Products */ = {
			isa = PBXGroup;
			children = (
				98657C5116AEE8B200D05C69 /* EMCocoaToolbox */,
			);
			name = Products;
			sourceTree = "<group>";
		};
		98657C5416AEE8B200D05C69 /* Frameworks */ = {
			isa = PBXGroup;
			children = (
				98657C5516AEE8B200D05C69 /* Foundation.framework */,
			);
			name = Frameworks;
			sourceTree = "<group>";
		};
		98657C5716AEE8B200D05C69 /* EMCocoaToolbox */ = {
			isa = PBXGroup;
			children = (
				98657C5816AEE8B200D05C69 /* main.m */,
				98657C5C16AEE8B200D05C69 /* EMCocoaToolbox.1 */,
				98657C5A16AEE8B200D05C69 /* Supporting Files */,
			);
			path = EMCocoaToolbox;
			sourceTree = "<group>";
		};
		98657C5A16AEE8B200D05C69 /* Supporting Files */ = {
			isa = PBXGroup;
			children = (
				98657C5B16AEE8B200D05C69 /* EMCocoaToolbox-Prefix.pch */,
			);
			name = "Supporting Files";
			sourceTree = "<group>";
		};
/* End PBXGroup section */

/* Begin PBXNativeTarget section */
		98657C5016AEE8B200D05C69 /* EMCocoaToolbox */ = {
			isa = PBXNativeTarget;
			buildConfigurationList = 98657C6016AEE8B200D05C69 /* Build configuration list for PBXNativeTarget "EMCocoaToolbox" */;
			buildPhases = (
				98657C4D16AEE8B200D05C69 /* Sources */,
				98657C4E16AEE8B200D05C69 /* Frameworks */,
				98657C4F16AEE8B200D05C69 /* CopyFiles */,
			);
			buildRules = (
			);
			dependencies = (
			);
			name = EMCocoaToolbox;
			productName = EMCocoaToolbox;
			productReference = 98657C5116AEE8B200D05C69 /* EMCocoaToolbox */;
			productType = "com.apple.product-type.tool";
		};
/* End PBXNativeTarget section */

/* Begin PBXProject section */
		98657C4816AEE8B200D05C69 /* Project object */ = {
			isa = PBXProject;
			attributes = {
				LastUpgradeCheck = 0450;
				ORGANIZATIONNAME = echold.com;
			};
			buildConfigurationList = 98657C4B16AEE8B200D05C69 /* Build configuration list for PBXProject "EMCocoaToolbox" */;
			compatibilityVersion = "Xcode 3.2";
			developmentRegion = English;
			hasScannedForEncodings = 0;
			knownRegions = (
				en,
			);
			mainGroup = 98657C4616AEE8B200D05C69;
			productRefGroup = 98657C5216AEE8B200D05C69 /* Products */;
			projectDirPath = "";
			projectRoot = "";
			targets = (
				98657C5016AEE8B200D05C69 /* EMCocoaToolbox */,
			);
		};
/* End PBXProject section */

/* Begin PBXSourcesBuildPhase section */
		98657C4D16AEE8B200D05C69 /* Sources */ = {
			isa = PBXSourcesBuildPhase;
			buildActionMask = 2147483647;
			files = (
				98657C5916AEE8B200D05C69 /* main.m in Sources */,
			);
			runOnlyForDeploymentPostprocessing = 0;
		};
/* End PBXSourcesBuildPhase section */

/* Begin XCBuildConfiguration section */
		98657C5E16AEE8B200D05C69 /* Debug */ = {
			isa = XCBuildConfiguration;
			buildSettings = {
				ALWAYS_SEARCH_USER_PATHS = NO;
				ARCHS = "$(ARCHS_STANDARD_64_BIT)";
				CLANG_CXX_LANGUAGE_STANDARD = "gnu++0x";
				CLANG_CXX_LIBRARY = "libc++";
				CLANG_WARN_EMPTY_BODY = YES;
				CLANG_WARN__DUPLICATE_METHOD_MATCH = YES;
				COPY_PHASE_STRIP = NO;
				GCC_C_LANGUAGE_STANDARD = gnu99;
				GCC_DYNAMIC_NO_PIC = NO;
				GCC_ENABLE_OBJC_EXCEPTIONS = YES;
				GCC_OPTIMIZATION_LEVEL = 0;
				GCC_PREPROCESSOR_DEFINITIONS = (
					"DEBUG=1",
					"$(inherited)",
				);
				GCC_SYMBOLS_PRIVATE_EXTERN = NO;
				GCC_WARN_64_TO_32_BIT_CONVERSION = YES;
				GCC_WARN_ABOUT_RETURN_TYPE = YES;
				GCC_WARN_UNINITIALIZED_AUTOS = YES;
				GCC_WARN_UNUSED_VARIABLE = YES;
				MACOSX_DEPLOYMENT_TARGET = 10.8;
				ONLY_ACTIVE_ARCH = YES;
				SDKROOT = macosx;
			};
			name = Debug;
		};
		98657C5F16AEE8B200D05C69 /* Release */ = {
			isa = XCBuildConfiguration;
			buildSettings = {
				ALWAYS_SEARCH_USER_PATHS = NO;
				ARCHS = "$(ARCHS_STANDARD_64_BIT)";
				CLANG_CXX_LANGUAGE_STANDARD = "gnu++0x";
				CLANG_CXX_LIBRARY = "libc++";
				CLANG_WARN_EMPTY_BODY = YES;
				CLANG_WARN__DUPLICATE_METHOD_MATCH = YES;
				COPY_PHASE_STRIP = YES;
				DEBUG_INFORMATION_FORMAT = "dwarf-with-dsym";
				GCC_C_LANGUAGE_STANDARD = gnu99;
				GCC_ENABLE_OBJC_EXCEPTIONS = YES;
				GCC_WARN_64_TO_32_BIT_CONVERSION = YES;
				GCC_WARN_ABOUT_RETURN_TYPE = YES;
				GCC_WARN_UNINITIALIZED_AUTOS = YES;
				GCC_WARN_UNUSED_VARIABLE = YES;
				MACOSX_DEPLOYMENT_TARGET = 10.8;
				SDKROOT = macosx;
			};
			name = Release;
		};
		98657C6116AEE8B200D05C69 /* Debug */ = {
			isa = XCBuildConfiguration;
			buildSettings = {
				GCC_PRECOMPILE_PREFIX_HEADER = YES;
				GCC_PREFIX_HEADER = "EMCocoaToolbox/EMCocoaToolbox-Prefix.pch";
				PRODUCT_NAME = "$(TARGET_NAME)";
			};
			name = Debug;
		};
		98657C6216AEE8B200D05C69 /* Release */ = {
			isa = XCBuildConfiguration;
			buildSettings = {
				GCC_PRECOMPILE_PREFIX_HEADER = YES;
				GCC_PREFIX_HEADER = "EMCocoaToolbox/EMCocoaToolbox-Prefix.pch";
				PRODUCT_NAME = "$(TARGET_NAME)";
			};
			name = Release;
		};
/* End XCBuildConfiguration section */

/* Begin XCConfigurationList section */
		98657C4B16AEE8B200D05C69 /* Build configuration list for PBXProject "EMCocoaToolbox" */ = {
			isa = XCConfigurationList;
			buildConfigurations = (
				98657C5E16AEE8B200D05C69 /* Debug */,
				98657C5F16AEE8B200D05C69 /* Release */,
			);
			defaultConfigurationIsVisible = 0;
			defaultConfigurationName = Release;
		};
		98657C6016AEE8B200D05C69 /* Build configuration list for PBXNativeTarget "EMCocoaToolbox" */ = {
			isa = XCConfigurationList;
			buildConfigurations = (
				98657C6116AEE8B200D05C69 /* Debug */,
				98657C6216AEE8B200D05C69 /* Release */,
			);
			defaultConfigurationIsVisible = 0;
		};
/* End XCConfigurationList section */
	};
	rootObject = 98657C4816AEE8B200D05C69 /* Project object */;
}
